
Microsoft Visual Studio Solution File, Format Version 12.00
# Visual Studio Version 17
VisualStudioVersion = 17.0.31903.59
MinimumVisualStudioVersion = 10.0.40219.1
Project("{2150E333-8FDC-42A3-9474-1A3956D46DE8}") = "Src", "Src", "{FF1A74AD-D266-4B98-ABEB-A858A273264E}"
EndProject
Project("{2150E333-8FDC-42A3-9474-1A3956D46DE8}") = "01.Core", "01.Core", "{D516B8FB-93C0-4963-842D-1690D230C3CD}"
EndProject
Project("{2150E333-8FDC-42A3-9474-1A3956D46DE8}") = "02.Infrastructure", "02.Infrastructure", "{B44E6C0E-880E-4B88-A848-F3F64BD57BDA}"
EndProject
Project("{2150E333-8FDC-42A3-9474-1A3956D46DE8}") = "03.Presentation", "03.Presentation", "{DCA2F4A7-17A2-478D-942F-7C92F9607788}"
EndProject
Project("{2150E333-8FDC-42A3-9474-1A3956D46DE8}") = "Test", "Test", "{BDE649C0-61FC-4E94-8804-9C2932EEBD29}"
EndProject
Project("{2150E333-8FDC-42A3-9474-1A3956D46DE8}") = "1.Test.Domain", "1.Test.Domain", "{7E8BB4A2-BBC3-4DC8-A679-B999BA578DEC}"
EndProject
Project("{FAE04EC0-301F-11D3-BF4B-00C04F79EFBC}") = "BlazorSolution.Domain.Test", "Test\1.Test.Domain\CleanArchitectureBlazor.Domain.Test\BlazorSolution.Domain.Test.csproj", "{75BFA00E-07CC-4EE7-B658-E2290792F8CF}"
EndProject
Project("{FAE04EC0-301F-11D3-BF4B-00C04F79EFBC}") = "BlazorSolution.Core.Domain", "Src\01.Core\BlazorSolution.Core.Domain\BlazorSolution.Core.Domain.csproj", "{2F4E6FDC-23CB-4E21-A165-C9F0A3FDC1B7}"
EndProject
Project("{FAE04EC0-301F-11D3-BF4B-00C04F79EFBC}") = "BlazorSolution.Core.Application", "Src\01.Core\BlazorSolution.Core.Application\BlazorSolution.Core.Application.csproj", "{4EF30F00-ADD7-441C-B5BD-BF9FE5236568}"
EndProject
Project("{FAE04EC0-301F-11D3-BF4B-00C04F79EFBC}") = "BlazorSolution.Infra.Data.SqlServer", "Src\02.Infrastructure\BlazorSolution.Infra.Data.SqlServer\BlazorSolution.Infra.Data.SqlServer.csproj", "{868545C2-D7D1-42CE-9E2A-CB9899DD9BAD}"
EndProject
Project("{FAE04EC0-301F-11D3-BF4B-00C04F79EFBC}") = "BlazorSolution.WebApp", "Src\03.Presentation\BlazorSolution.WebApp\BlazorSolution.WebApp.csproj", "{77B6EC70-5152-4A8D-BEC9-D7951E80B554}"
EndProject
Global
	GlobalSection(SolutionConfigurationPlatforms) = preSolution
		Debug|Any CPU = Debug|Any CPU
		Release|Any CPU = Release|Any CPU
	EndGlobalSection
	GlobalSection(ProjectConfigurationPlatforms) = postSolution
		{75BFA00E-07CC-4EE7-B658-E2290792F8CF}.Debug|Any CPU.ActiveCfg = Debug|Any CPU
		{75BFA00E-07CC-4EE7-B658-E2290792F8CF}.Debug|Any CPU.Build.0 = Debug|Any CPU
		{75BFA00E-07CC-4EE7-B658-E2290792F8CF}.Release|Any CPU.ActiveCfg = Release|Any CPU
		{75BFA00E-07CC-4EE7-B658-E2290792F8CF}.Release|Any CPU.Build.0 = Release|Any CPU
		{2F4E6FDC-23CB-4E21-A165-C9F0A3FDC1B7}.Debug|Any CPU.ActiveCfg = Debug|Any CPU
		{2F4E6FDC-23CB-4E21-A165-C9F0A3FDC1B7}.Debug|Any CPU.Build.0 = Debug|Any CPU
		{2F4E6FDC-23CB-4E21-A165-C9F0A3FDC1B7}.Release|Any CPU.ActiveCfg = Release|Any CPU
		{2F4E6FDC-23CB-4E21-A165-C9F0A3FDC1B7}.Release|Any CPU.Build.0 = Release|Any CPU
		{4EF30F00-ADD7-441C-B5BD-BF9FE5236568}.Debug|Any CPU.ActiveCfg = Debug|Any CPU
		{4EF30F00-ADD7-441C-B5BD-BF9FE5236568}.Debug|Any CPU.Build.0 = Debug|Any CPU
		{4EF30F00-ADD7-441C-B5BD-BF9FE5236568}.Release|Any CPU.ActiveCfg = Release|Any CPU
		{4EF30F00-ADD7-441C-B5BD-BF9FE5236568}.Release|Any CPU.Build.0 = Release|Any CPU
		{868545C2-D7D1-42CE-9E2A-CB9899DD9BAD}.Debug|Any CPU.ActiveCfg = Debug|Any CPU
		{868545C2-D7D1-42CE-9E2A-CB9899DD9BAD}.Debug|Any CPU.Build.0 = Debug|Any CPU
		{868545C2-D7D1-42CE-9E2A-CB9899DD9BAD}.Release|Any CPU.ActiveCfg = Release|Any CPU
		{868545C2-D7D1-42CE-9E2A-CB9899DD9BAD}.Release|Any CPU.Build.0 = Release|Any CPU
		{77B6EC70-5152-4A8D-BEC9-D7951E80B554}.Debug|Any CPU.ActiveCfg = Debug|Any CPU
		{77B6EC70-5152-4A8D-BEC9-D7951E80B554}.Debug|Any CPU.Build.0 = Debug|Any CPU
		{77B6EC70-5152-4A8D-BEC9-D7951E80B554}.Release|Any CPU.ActiveCfg = Release|Any CPU
		{77B6EC70-5152-4A8D-BEC9-D7951E80B554}.Release|Any CPU.Build.0 = Release|Any CPU
	EndGlobalSection
	GlobalSection(SolutionProperties) = preSolution
		HideSolutionNode = FALSE
	EndGlobalSection
	GlobalSection(NestedProjects) = preSolution
		{D516B8FB-93C0-4963-842D-1690D230C3CD} = {FF1A74AD-D266-4B98-ABEB-A858A273264E}
		{B44E6C0E-880E-4B88-A848-F3F64BD57BDA} = {FF1A74AD-D266-4B98-ABEB-A858A273264E}
		{DCA2F4A7-17A2-478D-942F-7C92F9607788} = {FF1A74AD-D266-4B98-ABEB-A858A273264E}
		{7E8BB4A2-BBC3-4DC8-A679-B999BA578DEC} = {BDE649C0-61FC-4E94-8804-9C2932EEBD29}
		{75BFA00E-07CC-4EE7-B658-E2290792F8CF} = {7E8BB4A2-BBC3-4DC8-A679-B999BA578DEC}
		{2F4E6FDC-23CB-4E21-A165-C9F0A3FDC1B7} = {D516B8FB-93C0-4963-842D-1690D230C3CD}
		{4EF30F00-ADD7-441C-B5BD-BF9FE5236568} = {D516B8FB-93C0-4963-842D-1690D230C3CD}
		{868545C2-D7D1-42CE-9E2A-CB9899DD9BAD} = {B44E6C0E-880E-4B88-A848-F3F64BD57BDA}
		{77B6EC70-5152-4A8D-BEC9-D7951E80B554} = {DCA2F4A7-17A2-478D-942F-7C92F9607788}
	EndGlobalSection
	GlobalSection(ExtensibilityGlobals) = postSolution
		SolutionGuid = {A6D48B64-D376-4F98-8356-0CC21945C4EA}
	EndGlobalSection
EndGlobal
