
Microsoft Visual Studio Solution File, Format Version 12.00
# Visual Studio Version 17
VisualStudioVersion = 17.0.31903.59
MinimumVisualStudioVersion = 10.0.40219.1
Project("{2150E333-8FDC-42A3-9474-1A3956D46DE8}") = "Src", "Src", "{FF1A74AD-D266-4B98-ABEB-A858A273264E}"
EndProject
Project("{2150E333-8FDC-42A3-9474-1A3956D46DE8}") = "01.Core", "01.Core", "{D516B8FB-93C0-4963-842D-1690D230C3CD}"
EndProject
Project("{2150E333-8FDC-42A3-9474-1A3956D46DE8}") = "02.Infrastructure", "02.Infrastructure", "{B44E6C0E-880E-4B88-A848-F3F64BD57BDA}"
EndProject
Project("{2150E333-8FDC-42A3-9474-1A3956D46DE8}") = "03.Presentation", "03.Presentation", "{DCA2F4A7-17A2-478D-942F-7C92F9607788}"
EndProject
Project("{FAE04EC0-301F-11D3-BF4B-00C04F79EFBC}") = "CleanArchitectureBlazor.Core.Domain", "Src\01.Core\CleanArchitectureBlazor.Core.Domain\CleanArchitectureBlazor.Core.Domain.csproj", "{6B315AF1-BE80-4E9F-B51E-6B99CB973D3A}"
EndProject
Project("{FAE04EC0-301F-11D3-BF4B-00C04F79EFBC}") = "CleanArchitectureBlazor.Core.Application", "Src\01.Core\CleanArchitectureBlazor.Core.Application\CleanArchitectureBlazor.Core.Application.csproj", "{41E2FC49-533C-49EE-9090-0918A55CF769}"
EndProject
Project("{FAE04EC0-301F-11D3-BF4B-00C04F79EFBC}") = "CleanArchitectureBlazor.Infra.Data.SqlServer", "Src\02.Infrastructure\CleanArchitectureBlazor.Infra.Data.SqlServer\CleanArchitectureBlazor.Infra.Data.SqlServer.csproj", "{A850666E-D5CA-4A42-91BF-2E0BBE9D9075}"
EndProject
Project("{FAE04EC0-301F-11D3-BF4B-00C04F79EFBC}") = "CleanArchitectureBlazor.WebApp", "Src\03.Presentation\CleanArchitectureBlazor.WebApp\CleanArchitectureBlazor.WebApp.csproj", "{B132BD85-2196-4F94-AE92-C4C9C4B6BC12}"
EndProject
Global
	GlobalSection(SolutionConfigurationPlatforms) = preSolution
		Debug|Any CPU = Debug|Any CPU
		Release|Any CPU = Release|Any CPU
	EndGlobalSection
	GlobalSection(ProjectConfigurationPlatforms) = postSolution
		{6B315AF1-BE80-4E9F-B51E-6B99CB973D3A}.Debug|Any CPU.ActiveCfg = Debug|Any CPU
		{6B315AF1-BE80-4E9F-B51E-6B99CB973D3A}.Debug|Any CPU.Build.0 = Debug|Any CPU
		{6B315AF1-BE80-4E9F-B51E-6B99CB973D3A}.Release|Any CPU.ActiveCfg = Release|Any CPU
		{6B315AF1-BE80-4E9F-B51E-6B99CB973D3A}.Release|Any CPU.Build.0 = Release|Any CPU
		{41E2FC49-533C-49EE-9090-0918A55CF769}.Debug|Any CPU.ActiveCfg = Debug|Any CPU
		{41E2FC49-533C-49EE-9090-0918A55CF769}.Debug|Any CPU.Build.0 = Debug|Any CPU
		{41E2FC49-533C-49EE-9090-0918A55CF769}.Release|Any CPU.ActiveCfg = Release|Any CPU
		{41E2FC49-533C-49EE-9090-0918A55CF769}.Release|Any CPU.Build.0 = Release|Any CPU
		{A850666E-D5CA-4A42-91BF-2E0BBE9D9075}.Debug|Any CPU.ActiveCfg = Debug|Any CPU
		{A850666E-D5CA-4A42-91BF-2E0BBE9D9075}.Debug|Any CPU.Build.0 = Debug|Any CPU
		{A850666E-D5CA-4A42-91BF-2E0BBE9D9075}.Release|Any CPU.ActiveCfg = Release|Any CPU
		{A850666E-D5CA-4A42-91BF-2E0BBE9D9075}.Release|Any CPU.Build.0 = Release|Any CPU
		{B132BD85-2196-4F94-AE92-C4C9C4B6BC12}.Debug|Any CPU.ActiveCfg = Debug|Any CPU
		{B132BD85-2196-4F94-AE92-C4C9C4B6BC12}.Debug|Any CPU.Build.0 = Debug|Any CPU
		{B132BD85-2196-4F94-AE92-C4C9C4B6BC12}.Release|Any CPU.ActiveCfg = Release|Any CPU
		{B132BD85-2196-4F94-AE92-C4C9C4B6BC12}.Release|Any CPU.Build.0 = Release|Any CPU
	EndGlobalSection
	GlobalSection(SolutionProperties) = preSolution
		HideSolutionNode = FALSE
	EndGlobalSection
	GlobalSection(NestedProjects) = preSolution
		{D516B8FB-93C0-4963-842D-1690D230C3CD} = {FF1A74AD-D266-4B98-ABEB-A858A273264E}
		{B44E6C0E-880E-4B88-A848-F3F64BD57BDA} = {FF1A74AD-D266-4B98-ABEB-A858A273264E}
		{DCA2F4A7-17A2-478D-942F-7C92F9607788} = {FF1A74AD-D266-4B98-ABEB-A858A273264E}
		{6B315AF1-BE80-4E9F-B51E-6B99CB973D3A} = {D516B8FB-93C0-4963-842D-1690D230C3CD}
		{41E2FC49-533C-49EE-9090-0918A55CF769} = {D516B8FB-93C0-4963-842D-1690D230C3CD}
		{A850666E-D5CA-4A42-91BF-2E0BBE9D9075} = {B44E6C0E-880E-4B88-A848-F3F64BD57BDA}
		{B132BD85-2196-4F94-AE92-C4C9C4B6BC12} = {DCA2F4A7-17A2-478D-942F-7C92F9607788}
	EndGlobalSection
	GlobalSection(ExtensibilityGlobals) = postSolution
		SolutionGuid = {A6D48B64-D376-4F98-8356-0CC21945C4EA}
	EndGlobalSection
EndGlobal
